
Microsoft Visual Studio Solution File, Format Version 12.00
# Visual Studio Version 17
VisualStudioVersion = 17.0.31903.59
MinimumVisualStudioVersion = 10.0.40219.1
Project("{2150E333-8FDC-42A3-9474-1A3956D46DE8}") = "src", "src", "{6286C4B1-B2E9-4E61-B6D3-17FF211CBD11}"
EndProject
Project("{2150E333-8FDC-42A3-9474-1A3956D46DE8}") = "Coinbase", "Coinbase", "{86F9CF03-733D-4564-B976-E9DFF6E81DB2}"
EndProject
Project("{FAE04EC0-301F-11D3-BF4B-00C04F79EFBC}") = "Coinbase.INTX", "src\Coinbase\Intx\Coinbase.INTX.csproj", "{CB24EB9C-47FE-4FF9-9637-630B810BE552}"
EndProject
Project("{FAE04EC0-301F-11D3-BF4B-00C04F79EFBC}") = "Coinbase.INTXExample", "src\Coinbase\IntxExample\Coinbase.INTXExample.csproj", "{2D5182DC-1C9A-4DB8-B126-689B54D023F4}"
EndProject
Global
	GlobalSection(SolutionConfigurationPlatforms) = preSolution
		Debug|Any CPU = Debug|Any CPU
		Release|Any CPU = Release|Any CPU
	EndGlobalSection
	GlobalSection(SolutionProperties) = preSolution
		HideSolutionNode = FALSE
	EndGlobalSection
	GlobalSection(ProjectConfigurationPlatforms) = postSolution
		{CB24EB9C-47FE-4FF9-9637-630B810BE552}.Debug|Any CPU.ActiveCfg = Debug|Any CPU
		{CB24EB9C-47FE-4FF9-9637-630B810BE552}.Debug|Any CPU.Build.0 = Debug|Any CPU
		{CB24EB9C-47FE-4FF9-9637-630B810BE552}.Release|Any CPU.ActiveCfg = Release|Any CPU
		{CB24EB9C-47FE-4FF9-9637-630B810BE552}.Release|Any CPU.Build.0 = Release|Any CPU
		{2D5182DC-1C9A-4DB8-B126-689B54D023F4}.Debug|Any CPU.ActiveCfg = Debug|Any CPU
		{2D5182DC-1C9A-4DB8-B126-689B54D023F4}.Debug|Any CPU.Build.0 = Debug|Any CPU
		{2D5182DC-1C9A-4DB8-B126-689B54D023F4}.Release|Any CPU.ActiveCfg = Release|Any CPU
		{2D5182DC-1C9A-4DB8-B126-689B54D023F4}.Release|Any CPU.Build.0 = Release|Any CPU
	EndGlobalSection
	GlobalSection(NestedProjects) = preSolution
		{86F9CF03-733D-4564-B976-E9DFF6E81DB2} = {6286C4B1-B2E9-4E61-B6D3-17FF211CBD11}
		{CB24EB9C-47FE-4FF9-9637-630B810BE552} = {86F9CF03-733D-4564-B976-E9DFF6E81DB2}
		{2D5182DC-1C9A-4DB8-B126-689B54D023F4} = {86F9CF03-733D-4564-B976-E9DFF6E81DB2}
	EndGlobalSection
EndGlobal
